// !$*UTF8*$!
{
	archiveVersion = 1;
	classes = {
	};
	objectVersion = 56;
	objects = {

/* Begin PBXBuildFile section */
		80B8D5B02A45E8CD0017F34E /* PDFKitView.swift in Sources */ = {isa = PBXBuildFile; fileRef = 80B8D5AF2A45E8CD0017F34E /* PDFKitView.swift */; };
		80C248E32A3EF37500A50033 /* PdfDownloaderApp.swift in Sources */ = {isa = PBXBuildFile; fileRef = 80C248E22A3EF37500A50033 /* PdfDownloaderApp.swift */; };
		80C248E52A3EF37500A50033 /* PdfDownloadView.swift in Sources */ = {isa = PBXBuildFile; fileRef = 80C248E42A3EF37500A50033 /* PdfDownloadView.swift */; };
		80C248E72A3EF37600A50033 /* Assets.xcassets in Resources */ = {isa = PBXBuildFile; fileRef = 80C248E62A3EF37600A50033 /* Assets.xcassets */; };
		80C248EA2A3EF37600A50033 /* Preview Assets.xcassets in Resources */ = {isa = PBXBuildFile; fileRef = 80C248E92A3EF37600A50033 /* Preview Assets.xcassets */; };
		80C248F62A3EF58B00A50033 /* Localizable.strings in Resources */ = {isa = PBXBuildFile; fileRef = 80C248F82A3EF58B00A50033 /* Localizable.strings */; };
		80C248FC2A3EFC0E00A50033 /* Strings.swift in Sources */ = {isa = PBXBuildFile; fileRef = 80C248FB2A3EFC0E00A50033 /* Strings.swift */; };
		80C248FF2A3F10CA00A50033 /* PDFDownloadVM.swift in Sources */ = {isa = PBXBuildFile; fileRef = 80C248FE2A3F10CA00A50033 /* PDFDownloadVM.swift */; };
		80C249022A409ACB00A50033 /* PdfPersistence.swift in Sources */ = {isa = PBXBuildFile; fileRef = 80C249012A409ACB00A50033 /* PdfPersistence.swift */; };
/* End PBXBuildFile section */

/* Begin PBXFileReference section */
		80B8D5AF2A45E8CD0017F34E /* PDFKitView.swift */ = {isa = PBXFileReference; lastKnownFileType = sourcecode.swift; path = PDFKitView.swift; sourceTree = "<group>"; };
		80C248DF2A3EF37500A50033 /* PdfDownloader.app */ = {isa = PBXFileReference; explicitFileType = wrapper.application; includeInIndex = 0; path = PdfDownloader.app; sourceTree = BUILT_PRODUCTS_DIR; };
		80C248E22A3EF37500A50033 /* PdfDownloaderApp.swift */ = {isa = PBXFileReference; lastKnownFileType = sourcecode.swift; path = PdfDownloaderApp.swift; sourceTree = "<group>"; };
		80C248E42A3EF37500A50033 /* PdfDownloadView.swift */ = {isa = PBXFileReference; lastKnownFileType = sourcecode.swift; path = PdfDownloadView.swift; sourceTree = "<group>"; };
		80C248E62A3EF37600A50033 /* Assets.xcassets */ = {isa = PBXFileReference; lastKnownFileType = folder.assetcatalog; path = Assets.xcassets; sourceTree = "<group>"; };
		80C248E92A3EF37600A50033 /* Preview Assets.xcassets */ = {isa = PBXFileReference; lastKnownFileType = folder.assetcatalog; path = "Preview Assets.xcassets"; sourceTree = "<group>"; };
		80C248F72A3EF58B00A50033 /* en */ = {isa = PBXFileReference; lastKnownFileType = text.plist.strings; name = en; path = en.lproj/Localizable.strings; sourceTree = "<group>"; };
		80C248F92A3EF61500A50033 /* es */ = {isa = PBXFileReference; lastKnownFileType = text.plist.strings; name = es; path = es.lproj/Localizable.strings; sourceTree = "<group>"; };
		80C248FB2A3EFC0E00A50033 /* Strings.swift */ = {isa = PBXFileReference; lastKnownFileType = sourcecode.swift; path = Strings.swift; sourceTree = "<group>"; };
		80C248FE2A3F10CA00A50033 /* PDFDownloadVM.swift */ = {isa = PBXFileReference; lastKnownFileType = sourcecode.swift; path = PDFDownloadVM.swift; sourceTree = "<group>"; };
		80C249012A409ACB00A50033 /* PdfPersistence.swift */ = {isa = PBXFileReference; lastKnownFileType = sourcecode.swift; path = PdfPersistence.swift; sourceTree = "<group>"; };
/* End PBXFileReference section */

/* Begin PBXFrameworksBuildPhase section */
		80C248DC2A3EF37500A50033 /* Frameworks */ = {
			isa = PBXFrameworksBuildPhase;
			buildActionMask = 2147483647;
			files = (
			);
			runOnlyForDeploymentPostprocessing = 0;
		};
/* End PBXFrameworksBuildPhase section */

/* Begin PBXGroup section */
		80C248D62A3EF37500A50033 = {
			isa = PBXGroup;
			children = (
				80C248E12A3EF37500A50033 /* PdfDownloader */,
				80C248E02A3EF37500A50033 /* Products */,
			);
			sourceTree = "<group>";
		};
		80C248E02A3EF37500A50033 /* Products */ = {
			isa = PBXGroup;
			children = (
				80C248DF2A3EF37500A50033 /* PdfDownloader.app */,
			);
			name = Products;
			sourceTree = "<group>";
		};
		80C248E12A3EF37500A50033 /* PdfDownloader */ = {
			isa = PBXGroup;
			children = (
				80C249002A409AAC00A50033 /* Persistence */,
				80C248FD2A3F10B300A50033 /* ViewModel */,
				80C248F82A3EF58B00A50033 /* Localizable.strings */,
				80C248FA2A3EFBF500A50033 /* Extensions */,
				80C248F02A3EF3F200A50033 /* Views */,
				80C248F12A3EF44A00A50033 /* System */,
				80C248E62A3EF37600A50033 /* Assets.xcassets */,
				80C248E82A3EF37600A50033 /* Preview Content */,
			);
			path = PdfDownloader;
			sourceTree = "<group>";
		};
		80C248E82A3EF37600A50033 /* Preview Content */ = {
			isa = PBXGroup;
			children = (
				80C248E92A3EF37600A50033 /* Preview Assets.xcassets */,
			);
			path = "Preview Content";
			sourceTree = "<group>";
		};
		80C248F02A3EF3F200A50033 /* Views */ = {
			isa = PBXGroup;
			children = (
				80C248E42A3EF37500A50033 /* PdfDownloadView.swift */,
				80B8D5AF2A45E8CD0017F34E /* PDFKitView.swift */,
			);
			name = Views;
			sourceTree = "<group>";
		};
		80C248F12A3EF44A00A50033 /* System */ = {
			isa = PBXGroup;
			children = (
				80C248E22A3EF37500A50033 /* PdfDownloaderApp.swift */,
			);
			name = System;
			sourceTree = "<group>";
		};
		80C248FA2A3EFBF500A50033 /* Extensions */ = {
			isa = PBXGroup;
			children = (
				80C248FB2A3EFC0E00A50033 /* Strings.swift */,
			);
			name = Extensions;
			sourceTree = "<group>";
		};
		80C248FD2A3F10B300A50033 /* ViewModel */ = {
			isa = PBXGroup;
			children = (
				80C248FE2A3F10CA00A50033 /* PDFDownloadVM.swift */,
			);
			name = ViewModel;
			sourceTree = "<group>";
		};
		80C249002A409AAC00A50033 /* Persistence */ = {
			isa = PBXGroup;
			children = (
				80C249012A409ACB00A50033 /* PdfPersistence.swift */,
			);
			name = Persistence;
			sourceTree = "<group>";
		};
/* End PBXGroup section */

/* Begin PBXNativeTarget section */
		80C248DE2A3EF37500A50033 /* PdfDownloader */ = {
			isa = PBXNativeTarget;
			buildConfigurationList = 80C248ED2A3EF37600A50033 /* Build configuration list for PBXNativeTarget "PdfDownloader" */;
			buildPhases = (
				80C248DB2A3EF37500A50033 /* Sources */,
				80C248DC2A3EF37500A50033 /* Frameworks */,
				80C248DD2A3EF37500A50033 /* Resources */,
			);
			buildRules = (
			);
			dependencies = (
			);
			name = PdfDownloader;
			productName = PdfDownloader;
			productReference = 80C248DF2A3EF37500A50033 /* PdfDownloader.app */;
			productType = "com.apple.product-type.application";
		};
/* End PBXNativeTarget section */

/* Begin PBXProject section */
		80C248D72A3EF37500A50033 /* Project object */ = {
			isa = PBXProject;
			attributes = {
				BuildIndependentTargetsInParallel = 1;
				LastSwiftUpdateCheck = 1430;
				LastUpgradeCheck = 1430;
				TargetAttributes = {
					80C248DE2A3EF37500A50033 = {
						CreatedOnToolsVersion = 14.3.1;
					};
				};
			};
			buildConfigurationList = 80C248DA2A3EF37500A50033 /* Build configuration list for PBXProject "PdfDownloader" */;
			compatibilityVersion = "Xcode 14.0";
			developmentRegion = en;
			hasScannedForEncodings = 0;
			knownRegions = (
				en,
				Base,
				es,
			);
			mainGroup = 80C248D62A3EF37500A50033;
			productRefGroup = 80C248E02A3EF37500A50033 /* Products */;
			projectDirPath = "";
			projectRoot = "";
			targets = (
				80C248DE2A3EF37500A50033 /* PdfDownloader */,
			);
		};
/* End PBXProject section */

/* Begin PBXResourcesBuildPhase section */
		80C248DD2A3EF37500A50033 /* Resources */ = {
			isa = PBXResourcesBuildPhase;
			buildActionMask = 2147483647;
			files = (
				80C248EA2A3EF37600A50033 /* Preview Assets.xcassets in Resources */,
				80C248F62A3EF58B00A50033 /* Localizable.strings in Resources */,
				80C248E72A3EF37600A50033 /* Assets.xcassets in Resources */,
			);
			runOnlyForDeploymentPostprocessing = 0;
		};
/* End PBXResourcesBuildPhase section */

/* Begin PBXSourcesBuildPhase section */
		80C248DB2A3EF37500A50033 /* Sources */ = {
			isa = PBXSourcesBuildPhase;
			buildActionMask = 2147483647;
			files = (
				80C248E52A3EF37500A50033 /* PdfDownloadView.swift in Sources */,
				80C248FC2A3EFC0E00A50033 /* Strings.swift in Sources */,
				80B8D5B02A45E8CD0017F34E /* PDFKitView.swift in Sources */,
				80C248FF2A3F10CA00A50033 /* PDFDownloadVM.swift in Sources */,
				80C248E32A3EF37500A50033 /* PdfDownloaderApp.swift in Sources */,
				80C249022A409ACB00A50033 /* PdfPersistence.swift in Sources */,
			);
			runOnlyForDeploymentPostprocessing = 0;
		};
/* End PBXSourcesBuildPhase section */

/* Begin PBXVariantGroup section */
		80C248F82A3EF58B00A50033 /* Localizable.strings */ = {
			isa = PBXVariantGroup;
			children = (
				80C248F72A3EF58B00A50033 /* en */,
				80C248F92A3EF61500A50033 /* es */,
			);
			name = Localizable.strings;
			sourceTree = "<group>";
		};
/* End PBXVariantGroup section */

/* Begin XCBuildConfiguration section */
		80C248EB2A3EF37600A50033 /* Debug */ = {
			isa = XCBuildConfiguration;
			buildSettings = {
				ALWAYS_SEARCH_USER_PATHS = NO;
				CLANG_ANALYZER_LOCALIZABILITY_NONLOCALIZED = YES;
				CLANG_ANALYZER_NONNULL = YES;
				CLANG_ANALYZER_NUMBER_OBJECT_CONVERSION = YES_AGGRESSIVE;
				CLANG_CXX_LANGUAGE_STANDARD = "gnu++20";
				CLANG_ENABLE_MODULES = YES;
				CLANG_ENABLE_OBJC_ARC = YES;
				CLANG_ENABLE_OBJC_WEAK = YES;
				CLANG_WARN_BLOCK_CAPTURE_AUTORELEASING = YES;
				CLANG_WARN_BOOL_CONVERSION = YES;
				CLANG_WARN_COMMA = YES;
				CLANG_WARN_CONSTANT_CONVERSION = YES;
				CLANG_WARN_DEPRECATED_OBJC_IMPLEMENTATIONS = YES;
				CLANG_WARN_DIRECT_OBJC_ISA_USAGE = YES_ERROR;
				CLANG_WARN_DOCUMENTATION_COMMENTS = YES;
				CLANG_WARN_EMPTY_BODY = YES;
				CLANG_WARN_ENUM_CONVERSION = YES;
				CLANG_WARN_INFINITE_RECURSION = YES;
				CLANG_WARN_INT_CONVERSION = YES;
				CLANG_WARN_NON_LITERAL_NULL_CONVERSION = YES;
				CLANG_WARN_OBJC_IMPLICIT_RETAIN_SELF = YES;
				CLANG_WARN_OBJC_LITERAL_CONVERSION = YES;
				CLANG_WARN_OBJC_ROOT_CLASS = YES_ERROR;
				CLANG_WARN_QUOTED_INCLUDE_IN_FRAMEWORK_HEADER = YES;
				CLANG_WARN_RANGE_LOOP_ANALYSIS = YES;
				CLANG_WARN_STRICT_PROTOTYPES = YES;
				CLANG_WARN_SUSPICIOUS_MOVE = YES;
				CLANG_WARN_UNGUARDED_AVAILABILITY = YES_AGGRESSIVE;
				CLANG_WARN_UNREACHABLE_CODE = YES;
				CLANG_WARN__DUPLICATE_METHOD_MATCH = YES;
				COPY_PHASE_STRIP = NO;
				DEBUG_INFORMATION_FORMAT = dwarf;
				ENABLE_STRICT_OBJC_MSGSEND = YES;
				ENABLE_TESTABILITY = YES;
				GCC_C_LANGUAGE_STANDARD = gnu11;
				GCC_DYNAMIC_NO_PIC = NO;
				GCC_NO_COMMON_BLOCKS = YES;
				GCC_OPTIMIZATION_LEVEL = 0;
				GCC_PREPROCESSOR_DEFINITIONS = (
					"DEBUG=1",
					"$(inherited)",
				);
				GCC_WARN_64_TO_32_BIT_CONVERSION = YES;
				GCC_WARN_ABOUT_RETURN_TYPE = YES_ERROR;
				GCC_WARN_UNDECLARED_SELECTOR = YES;
				GCC_WARN_UNINITIALIZED_AUTOS = YES_AGGRESSIVE;
				GCC_WARN_UNUSED_FUNCTION = YES;
				GCC_WARN_UNUSED_VARIABLE = YES;
				IPHONEOS_DEPLOYMENT_TARGET = 16.4;
				MTL_ENABLE_DEBUG_INFO = INCLUDE_SOURCE;
				MTL_FAST_MATH = YES;
				ONLY_ACTIVE_ARCH = YES;
				SDKROOT = iphoneos;
				SWIFT_ACTIVE_COMPILATION_CONDITIONS = DEBUG;
				SWIFT_OPTIMIZATION_LEVEL = "-Onone";
			};
			name = Debug;
		};
		80C248EC2A3EF37600A50033 /* Release */ = {
			isa = XCBuildConfiguration;
			buildSettings = {
				ALWAYS_SEARCH_USER_PATHS = NO;
				CLANG_ANALYZER_LOCALIZABILITY_NONLOCALIZED = YES;
				CLANG_ANALYZER_NONNULL = YES;
				CLANG_ANALYZER_NUMBER_OBJECT_CONVERSION = YES_AGGRESSIVE;
				CLANG_CXX_LANGUAGE_STANDARD = "gnu++20";
				CLANG_ENABLE_MODULES = YES;
				CLANG_ENABLE_OBJC_ARC = YES;
				CLANG_ENABLE_OBJC_WEAK = YES;
				CLANG_WARN_BLOCK_CAPTURE_AUTORELEASING = YES;
				CLANG_WARN_BOOL_CONVERSION = YES;
				CLANG_WARN_COMMA = YES;
				CLANG_WARN_CONSTANT_CONVERSION = YES;
				CLANG_WARN_DEPRECATED_OBJC_IMPLEMENTATIONS = YES;
				CLANG_WARN_DIRECT_OBJC_ISA_USAGE = YES_ERROR;
				CLANG_WARN_DOCUMENTATION_COMMENTS = YES;
				CLANG_WARN_EMPTY_BODY = YES;
				CLANG_WARN_ENUM_CONVERSION = YES;
				CLANG_WARN_INFINITE_RECURSION = YES;
				CLANG_WARN_INT_CONVERSION = YES;
				CLANG_WARN_NON_LITERAL_NULL_CONVERSION = YES;
				CLANG_WARN_OBJC_IMPLICIT_RETAIN_SELF = YES;
				CLANG_WARN_OBJC_LITERAL_CONVERSION = YES;
				CLANG_WARN_OBJC_ROOT_CLASS = YES_ERROR;
				CLANG_WARN_QUOTED_INCLUDE_IN_FRAMEWORK_HEADER = YES;
				CLANG_WARN_RANGE_LOOP_ANALYSIS = YES;
				CLANG_WARN_STRICT_PROTOTYPES = YES;
				CLANG_WARN_SUSPICIOUS_MOVE = YES;
				CLANG_WARN_UNGUARDED_AVAILABILITY = YES_AGGRESSIVE;
				CLANG_WARN_UNREACHABLE_CODE = YES;
				CLANG_WARN__DUPLICATE_METHOD_MATCH = YES;
				COPY_PHASE_STRIP = NO;
				DEBUG_INFORMATION_FORMAT = "dwarf-with-dsym";
				ENABLE_NS_ASSERTIONS = NO;
				ENABLE_STRICT_OBJC_MSGSEND = YES;
				GCC_C_LANGUAGE_STANDARD = gnu11;
				GCC_NO_COMMON_BLOCKS = YES;
				GCC_WARN_64_TO_32_BIT_CONVERSION = YES;
				GCC_WARN_ABOUT_RETURN_TYPE = YES_ERROR;
				GCC_WARN_UNDECLARED_SELECTOR = YES;
				GCC_WARN_UNINITIALIZED_AUTOS = YES_AGGRESSIVE;
				GCC_WARN_UNUSED_FUNCTION = YES;
				GCC_WARN_UNUSED_VARIABLE = YES;
				IPHONEOS_DEPLOYMENT_TARGET = 16.4;
				MTL_ENABLE_DEBUG_INFO = NO;
				MTL_FAST_MATH = YES;
				SDKROOT = iphoneos;
				SWIFT_COMPILATION_MODE = wholemodule;
				SWIFT_OPTIMIZATION_LEVEL = "-O";
				VALIDATE_PRODUCT = YES;
			};
			name = Release;
		};
		80C248EE2A3EF37600A50033 /* Debug */ = {
			isa = XCBuildConfiguration;
			buildSettings = {
				ASSETCATALOG_COMPILER_APPICON_NAME = AppIcon;
				ASSETCATALOG_COMPILER_GLOBAL_ACCENT_COLOR_NAME = AccentColor;
				CODE_SIGN_STYLE = Automatic;
				CURRENT_PROJECT_VERSION = 1;
				DEVELOPMENT_ASSET_PATHS = "\"PdfDownloader/Preview Content\"";
				ENABLE_PREVIEWS = YES;
				GENERATE_INFOPLIST_FILE = YES;
				INFOPLIST_KEY_UIApplicationSceneManifest_Generation = YES;
				INFOPLIST_KEY_UIApplicationSupportsIndirectInputEvents = YES;
				INFOPLIST_KEY_UILaunchScreen_Generation = YES;
				INFOPLIST_KEY_UISupportedInterfaceOrientations_iPad = "UIInterfaceOrientationPortrait UIInterfaceOrientationPortraitUpsideDown UIInterfaceOrientationLandscapeLeft UIInterfaceOrientationLandscapeRight";
				INFOPLIST_KEY_UISupportedInterfaceOrientations_iPhone = "UIInterfaceOrientationPortrait UIInterfaceOrientationLandscapeLeft UIInterfaceOrientationLandscapeRight";
				LD_RUNPATH_SEARCH_PATHS = (
					"$(inherited)",
					"@executable_path/Frameworks",
				);
				MARKETING_VERSION = 1.0;
				PRODUCT_BUNDLE_IDENTIFIER = com.PdfDownloader;
				PRODUCT_NAME = "$(TARGET_NAME)";
				SWIFT_EMIT_LOC_STRINGS = YES;
				SWIFT_VERSION = 5.0;
				TARGETED_DEVICE_FAMILY = "1,2";
			};
			name = Debug;
		};
		80C248EF2A3EF37600A50033 /* Release */ = {
			isa = XCBuildConfiguration;
			buildSettings = {
				ASSETCATALOG_COMPILER_APPICON_NAME = AppIcon;
				ASSETCATALOG_COMPILER_GLOBAL_ACCENT_COLOR_NAME = AccentColor;
				CODE_SIGN_STYLE = Automatic;
				CURRENT_PROJECT_VERSION = 1;
				DEVELOPMENT_ASSET_PATHS = "\"PdfDownloader/Preview Content\"";
				ENABLE_PREVIEWS = YES;
				GENERATE_INFOPLIST_FILE = YES;
				INFOPLIST_KEY_UIApplicationSceneManifest_Generation = YES;
				INFOPLIST_KEY_UIApplicationSupportsIndirectInputEvents = YES;
				INFOPLIST_KEY_UILaunchScreen_Generation = YES;
				INFOPLIST_KEY_UISupportedInterfaceOrientations_iPad = "UIInterfaceOrientationPortrait UIInterfaceOrientationPortraitUpsideDown UIInterfaceOrientationLandscapeLeft UIInterfaceOrientationLandscapeRight";
				INFOPLIST_KEY_UISupportedInterfaceOrientations_iPhone = "UIInterfaceOrientationPortrait UIInterfaceOrientationLandscapeLeft UIInterfaceOrientationLandscapeRight";
				LD_RUNPATH_SEARCH_PATHS = (
					"$(inherited)",
					"@executable_path/Frameworks",
				);
				MARKETING_VERSION = 1.0;
				PRODUCT_BUNDLE_IDENTIFIER = com.PdfDownloader;
				PRODUCT_NAME = "$(TARGET_NAME)";
				SWIFT_EMIT_LOC_STRINGS = YES;
				SWIFT_VERSION = 5.0;
				TARGETED_DEVICE_FAMILY = "1,2";
			};
			name = Release;
		};
/* End XCBuildConfiguration section */

/* Begin XCConfigurationList section */
		80C248DA2A3EF37500A50033 /* Build configuration list for PBXProject "PdfDownloader" */ = {
			isa = XCConfigurationList;
			buildConfigurations = (
				80C248EB2A3EF37600A50033 /* Debug */,
				80C248EC2A3EF37600A50033 /* Release */,
			);
			defaultConfigurationIsVisible = 0;
			defaultConfigurationName = Release;
		};
		80C248ED2A3EF37600A50033 /* Build configuration list for PBXNativeTarget "PdfDownloader" */ = {
			isa = XCConfigurationList;
			buildConfigurations = (
				80C248EE2A3EF37600A50033 /* Debug */,
				80C248EF2A3EF37600A50033 /* Release */,
			);
			defaultConfigurationIsVisible = 0;
			defaultConfigurationName = Release;
		};
/* End XCConfigurationList section */
	};
	rootObject = 80C248D72A3EF37500A50033 /* Project object */;
}
